
Microsoft Visual Studio Solution File, Format Version 12.00
# Visual Studio Version 17
VisualStudioVersion = 17.2.32630.192
MinimumVisualStudioVersion = 10.0.40219.1
Project("{FAE04EC0-301F-11D3-BF4B-00C04F79EFBC}") = "Wox.Plugin.ImprovedClipboard", "Wox.Plugin.ImprovedClipboard.csproj", "{A2F7B236-52E6-4B7C-A5A4-8CA46DC9AE39}"
EndProject
Project("{2150E333-8FDC-42A3-9474-1A3956D46DE8}") = "解决方案项", "解决方案项", "{1B99977C-F1C8-4A6F-8E31-F9EA50608AF6}"
EndProject
Global
	GlobalSection(SolutionConfigurationPlatforms) = preSolution
		Debug|Any CPU = Debug|Any CPU
		Release|Any CPU = Release|Any CPU
	EndGlobalSection
	GlobalSection(ProjectConfigurationPlatforms) = postSolution
		{A2F7B236-52E6-4B7C-A5A4-8CA46DC9AE39}.Debug|Any CPU.ActiveCfg = Debug|Any CPU
		{A2F7B236-52E6-4B7C-A5A4-8CA46DC9AE39}.Debug|Any CPU.Build.0 = Debug|Any CPU
		{A2F7B236-52E6-4B7C-A5A4-8CA46DC9AE39}.Release|Any CPU.ActiveCfg = Release|Any CPU
		{A2F7B236-52E6-4B7C-A5A4-8CA46DC9AE39}.Release|Any CPU.Build.0 = Release|Any CPU
	EndGlobalSection
	GlobalSection(SolutionProperties) = preSolution
		HideSolutionNode = FALSE
	EndGlobalSection
	GlobalSection(ExtensibilityGlobals) = postSolution
		SolutionGuid = {E6EDB4C6-9C9E-4597-9641-72D03A7A71F9}
	EndGlobalSection
EndGlobal
